
Microsoft Visual Studio Solution File, Format Version 12.00
# Visual Studio Version 17
VisualStudioVersion = 17.5.002.0
MinimumVisualStudioVersion = 10.0.40219.1
Project("{9A19103F-16F7-4668-BE54-9A1E7A4F7556}") = "06 - Arrays e Lists", "06 - Arrays e Lists.csproj", "{917B780F-07D5-4F5C-A0A1-5490180870C3}"
EndProject
Global
	GlobalSection(SolutionConfigurationPlatforms) = preSolution
		Debug|Any CPU = Debug|Any CPU
		Release|Any CPU = Release|Any CPU
	EndGlobalSection
	GlobalSection(ProjectConfigurationPlatforms) = postSolution
		{917B780F-07D5-4F5C-A0A1-5490180870C3}.Debug|Any CPU.ActiveCfg = Debug|Any CPU
		{917B780F-07D5-4F5C-A0A1-5490180870C3}.Debug|Any CPU.Build.0 = Debug|Any CPU
		{917B780F-07D5-4F5C-A0A1-5490180870C3}.Release|Any CPU.ActiveCfg = Release|Any CPU
		{917B780F-07D5-4F5C-A0A1-5490180870C3}.Release|Any CPU.Build.0 = Release|Any CPU
	EndGlobalSection
	GlobalSection(SolutionProperties) = preSolution
		HideSolutionNode = FALSE
	EndGlobalSection
	GlobalSection(ExtensibilityGlobals) = postSolution
		SolutionGuid = {84A484CB-DEC8-4A14-B914-8EC25A018AE0}
	EndGlobalSection
EndGlobal
