
Microsoft Visual Studio Solution File, Format Version 12.00
# Visual Studio Version 17
VisualStudioVersion = 17.5.002.0
MinimumVisualStudioVersion = 10.0.40219.1
Project("{9A19103F-16F7-4668-BE54-9A1E7A4F7556}") = "Estacionamento", "Estacionamento.csproj", "{3C13ACBE-0901-412B-A289-2805E34D9F1B}"
EndProject
Global
	GlobalSection(SolutionConfigurationPlatforms) = preSolution
		Debug|Any CPU = Debug|Any CPU
		Release|Any CPU = Release|Any CPU
	EndGlobalSection
	GlobalSection(ProjectConfigurationPlatforms) = postSolution
		{3C13ACBE-0901-412B-A289-2805E34D9F1B}.Debug|Any CPU.ActiveCfg = Debug|Any CPU
		{3C13ACBE-0901-412B-A289-2805E34D9F1B}.Debug|Any CPU.Build.0 = Debug|Any CPU
		{3C13ACBE-0901-412B-A289-2805E34D9F1B}.Release|Any CPU.ActiveCfg = Release|Any CPU
		{3C13ACBE-0901-412B-A289-2805E34D9F1B}.Release|Any CPU.Build.0 = Release|Any CPU
	EndGlobalSection
	GlobalSection(SolutionProperties) = preSolution
		HideSolutionNode = FALSE
	EndGlobalSection
	GlobalSection(ExtensibilityGlobals) = postSolution
		SolutionGuid = {E9C975B0-2A06-4B74-A43F-414D244D96A8}
	EndGlobalSection
EndGlobal
